// !$*UTF8*$!
{
	archiveVersion = 1;
	classes = {
	};
	objectVersion = 50;
	objects = {

/* Begin PBXBuildFile section */
		7546C43724F7035200AB2CEE /* AppDelegate.swift in Sources */ = {isa = PBXBuildFile; fileRef = 7546C43624F7035200AB2CEE /* AppDelegate.swift */; };
		7546C43924F7035200AB2CEE /* SceneDelegate.swift in Sources */ = {isa = PBXBuildFile; fileRef = 7546C43824F7035200AB2CEE /* SceneDelegate.swift */; };
		7546C43B24F7035200AB2CEE /* ViewController.swift in Sources */ = {isa = PBXBuildFile; fileRef = 7546C43A24F7035200AB2CEE /* ViewController.swift */; };
		7546C43E24F7035200AB2CEE /* Main.storyboard in Resources */ = {isa = PBXBuildFile; fileRef = 7546C43C24F7035200AB2CEE /* Main.storyboard */; };
		7546C44024F7035500AB2CEE /* Assets.xcassets in Resources */ = {isa = PBXBuildFile; fileRef = 7546C43F24F7035500AB2CEE /* Assets.xcassets */; };
		7546C44324F7035500AB2CEE /* LaunchScreen.storyboard in Resources */ = {isa = PBXBuildFile; fileRef = 7546C44124F7035500AB2CEE /* LaunchScreen.storyboard */; };
		7546C44E24F7035600AB2CEE /* NumberToWordChallengeTests.swift in Sources */ = {isa = PBXBuildFile; fileRef = 7546C44D24F7035600AB2CEE /* NumberToWordChallengeTests.swift */; };
		7546C45924F7035600AB2CEE /* NumberToWordChallengeUITests.swift in Sources */ = {isa = PBXBuildFile; fileRef = 7546C45824F7035600AB2CEE /* NumberToWordChallengeUITests.swift */; };
/* End PBXBuildFile section */

/* Begin PBXContainerItemProxy section */
		7546C44A24F7035600AB2CEE /* PBXContainerItemProxy */ = {
			isa = PBXContainerItemProxy;
			containerPortal = 7546C42B24F7035200AB2CEE /* Project object */;
			proxyType = 1;
			remoteGlobalIDString = 7546C43224F7035200AB2CEE;
			remoteInfo = NumberToWordChallenge;
		};
		7546C45524F7035600AB2CEE /* PBXContainerItemProxy */ = {
			isa = PBXContainerItemProxy;
			containerPortal = 7546C42B24F7035200AB2CEE /* Project object */;
			proxyType = 1;
			remoteGlobalIDString = 7546C43224F7035200AB2CEE;
			remoteInfo = NumberToWordChallenge;
		};
/* End PBXContainerItemProxy section */

/* Begin PBXFileReference section */
		7546C43324F7035200AB2CEE /* NumberToWordChallenge.app */ = {isa = PBXFileReference; explicitFileType = wrapper.application; includeInIndex = 0; path = NumberToWordChallenge.app; sourceTree = BUILT_PRODUCTS_DIR; };
		7546C43624F7035200AB2CEE /* AppDelegate.swift */ = {isa = PBXFileReference; lastKnownFileType = sourcecode.swift; path = AppDelegate.swift; sourceTree = "<group>"; };
		7546C43824F7035200AB2CEE /* SceneDelegate.swift */ = {isa = PBXFileReference; lastKnownFileType = sourcecode.swift; path = SceneDelegate.swift; sourceTree = "<group>"; };
		7546C43A24F7035200AB2CEE /* ViewController.swift */ = {isa = PBXFileReference; lastKnownFileType = sourcecode.swift; path = ViewController.swift; sourceTree = "<group>"; };
		7546C43D24F7035200AB2CEE /* Base */ = {isa = PBXFileReference; lastKnownFileType = file.storyboard; name = Base; path = Base.lproj/Main.storyboard; sourceTree = "<group>"; };
		7546C43F24F7035500AB2CEE /* Assets.xcassets */ = {isa = PBXFileReference; lastKnownFileType = folder.assetcatalog; path = Assets.xcassets; sourceTree = "<group>"; };
		7546C44224F7035500AB2CEE /* Base */ = {isa = PBXFileReference; lastKnownFileType = file.storyboard; name = Base; path = Base.lproj/LaunchScreen.storyboard; sourceTree = "<group>"; };
		7546C44424F7035500AB2CEE /* Info.plist */ = {isa = PBXFileReference; lastKnownFileType = text.plist.xml; path = Info.plist; sourceTree = "<group>"; };
		7546C44924F7035600AB2CEE /* NumberToWordChallengeTests.xctest */ = {isa = PBXFileReference; explicitFileType = wrapper.cfbundle; includeInIndex = 0; path = NumberToWordChallengeTests.xctest; sourceTree = BUILT_PRODUCTS_DIR; };
		7546C44D24F7035600AB2CEE /* NumberToWordChallengeTests.swift */ = {isa = PBXFileReference; lastKnownFileType = sourcecode.swift; path = NumberToWordChallengeTests.swift; sourceTree = "<group>"; };
		7546C44F24F7035600AB2CEE /* Info.plist */ = {isa = PBXFileReference; lastKnownFileType = text.plist.xml; path = Info.plist; sourceTree = "<group>"; };
		7546C45424F7035600AB2CEE /* NumberToWordChallengeUITests.xctest */ = {isa = PBXFileReference; explicitFileType = wrapper.cfbundle; includeInIndex = 0; path = NumberToWordChallengeUITests.xctest; sourceTree = BUILT_PRODUCTS_DIR; };
		7546C45824F7035600AB2CEE /* NumberToWordChallengeUITests.swift */ = {isa = PBXFileReference; lastKnownFileType = sourcecode.swift; path = NumberToWordChallengeUITests.swift; sourceTree = "<group>"; };
		7546C45A24F7035600AB2CEE /* Info.plist */ = {isa = PBXFileReference; lastKnownFileType = text.plist.xml; path = Info.plist; sourceTree = "<group>"; };
/* End PBXFileReference section */

/* Begin PBXFrameworksBuildPhase section */
		7546C43024F7035200AB2CEE /* Frameworks */ = {
			isa = PBXFrameworksBuildPhase;
			buildActionMask = 2147483647;
			files = (
			);
			runOnlyForDeploymentPostprocessing = 0;
		};
		7546C44624F7035600AB2CEE /* Frameworks */ = {
			isa = PBXFrameworksBuildPhase;
			buildActionMask = 2147483647;
			files = (
			);
			runOnlyForDeploymentPostprocessing = 0;
		};
		7546C45124F7035600AB2CEE /* Frameworks */ = {
			isa = PBXFrameworksBuildPhase;
			buildActionMask = 2147483647;
			files = (
			);
			runOnlyForDeploymentPostprocessing = 0;
		};
/* End PBXFrameworksBuildPhase section */

/* Begin PBXGroup section */
		7546C42A24F7035200AB2CEE = {
			isa = PBXGroup;
			children = (
				7546C43524F7035200AB2CEE /* NumberToWordChallenge */,
				7546C44C24F7035600AB2CEE /* NumberToWordChallengeTests */,
				7546C45724F7035600AB2CEE /* NumberToWordChallengeUITests */,
				7546C43424F7035200AB2CEE /* Products */,
			);
			sourceTree = "<group>";
		};
		7546C43424F7035200AB2CEE /* Products */ = {
			isa = PBXGroup;
			children = (
				7546C43324F7035200AB2CEE /* NumberToWordChallenge.app */,
				7546C44924F7035600AB2CEE /* NumberToWordChallengeTests.xctest */,
				7546C45424F7035600AB2CEE /* NumberToWordChallengeUITests.xctest */,
			);
			name = Products;
			sourceTree = "<group>";
		};
		7546C43524F7035200AB2CEE /* NumberToWordChallenge */ = {
			isa = PBXGroup;
			children = (
				7546C43624F7035200AB2CEE /* AppDelegate.swift */,
				7546C43824F7035200AB2CEE /* SceneDelegate.swift */,
				7546C43A24F7035200AB2CEE /* ViewController.swift */,
				7546C43C24F7035200AB2CEE /* Main.storyboard */,
				7546C43F24F7035500AB2CEE /* Assets.xcassets */,
				7546C44124F7035500AB2CEE /* LaunchScreen.storyboard */,
				7546C44424F7035500AB2CEE /* Info.plist */,
			);
			path = NumberToWordChallenge;
			sourceTree = "<group>";
		};
		7546C44C24F7035600AB2CEE /* NumberToWordChallengeTests */ = {
			isa = PBXGroup;
			children = (
				7546C44D24F7035600AB2CEE /* NumberToWordChallengeTests.swift */,
				7546C44F24F7035600AB2CEE /* Info.plist */,
			);
			path = NumberToWordChallengeTests;
			sourceTree = "<group>";
		};
		7546C45724F7035600AB2CEE /* NumberToWordChallengeUITests */ = {
			isa = PBXGroup;
			children = (
				7546C45824F7035600AB2CEE /* NumberToWordChallengeUITests.swift */,
				7546C45A24F7035600AB2CEE /* Info.plist */,
			);
			path = NumberToWordChallengeUITests;
			sourceTree = "<group>";
		};
/* End PBXGroup section */

/* Begin PBXNativeTarget section */
		7546C43224F7035200AB2CEE /* NumberToWordChallenge */ = {
			isa = PBXNativeTarget;
			buildConfigurationList = 7546C45D24F7035600AB2CEE /* Build configuration list for PBXNativeTarget "NumberToWordChallenge" */;
			buildPhases = (
				7546C42F24F7035200AB2CEE /* Sources */,
				7546C43024F7035200AB2CEE /* Frameworks */,
				7546C43124F7035200AB2CEE /* Resources */,
			);
			buildRules = (
			);
			dependencies = (
			);
			name = NumberToWordChallenge;
			productName = NumberToWordChallenge;
			productReference = 7546C43324F7035200AB2CEE /* NumberToWordChallenge.app */;
			productType = "com.apple.product-type.application";
		};
		7546C44824F7035600AB2CEE /* NumberToWordChallengeTests */ = {
			isa = PBXNativeTarget;
			buildConfigurationList = 7546C46024F7035600AB2CEE /* Build configuration list for PBXNativeTarget "NumberToWordChallengeTests" */;
			buildPhases = (
				7546C44524F7035600AB2CEE /* Sources */,
				7546C44624F7035600AB2CEE /* Frameworks */,
				7546C44724F7035600AB2CEE /* Resources */,
			);
			buildRules = (
			);
			dependencies = (
				7546C44B24F7035600AB2CEE /* PBXTargetDependency */,
			);
			name = NumberToWordChallengeTests;
			productName = NumberToWordChallengeTests;
			productReference = 7546C44924F7035600AB2CEE /* NumberToWordChallengeTests.xctest */;
			productType = "com.apple.product-type.bundle.unit-test";
		};
		7546C45324F7035600AB2CEE /* NumberToWordChallengeUITests */ = {
			isa = PBXNativeTarget;
			buildConfigurationList = 7546C46324F7035600AB2CEE /* Build configuration list for PBXNativeTarget "NumberToWordChallengeUITests" */;
			buildPhases = (
				7546C45024F7035600AB2CEE /* Sources */,
				7546C45124F7035600AB2CEE /* Frameworks */,
				7546C45224F7035600AB2CEE /* Resources */,
			);
			buildRules = (
			);
			dependencies = (
				7546C45624F7035600AB2CEE /* PBXTargetDependency */,
			);
			name = NumberToWordChallengeUITests;
			productName = NumberToWordChallengeUITests;
			productReference = 7546C45424F7035600AB2CEE /* NumberToWordChallengeUITests.xctest */;
			productType = "com.apple.product-type.bundle.ui-testing";
		};
/* End PBXNativeTarget section */

/* Begin PBXProject section */
		7546C42B24F7035200AB2CEE /* Project object */ = {
			isa = PBXProject;
			attributes = {
				LastSwiftUpdateCheck = 1150;
				LastUpgradeCheck = 1150;
				ORGANIZATIONNAME = "Waseem Akram";
				TargetAttributes = {
					7546C43224F7035200AB2CEE = {
						CreatedOnToolsVersion = 11.5;
					};
					7546C44824F7035600AB2CEE = {
						CreatedOnToolsVersion = 11.5;
						TestTargetID = 7546C43224F7035200AB2CEE;
					};
					7546C45324F7035600AB2CEE = {
						CreatedOnToolsVersion = 11.5;
						TestTargetID = 7546C43224F7035200AB2CEE;
					};
				};
			};
			buildConfigurationList = 7546C42E24F7035200AB2CEE /* Build configuration list for PBXProject "NumberToWordChallenge" */;
			compatibilityVersion = "Xcode 9.3";
			developmentRegion = en;
			hasScannedForEncodings = 0;
			knownRegions = (
				en,
				Base,
			);
			mainGroup = 7546C42A24F7035200AB2CEE;
			productRefGroup = 7546C43424F7035200AB2CEE /* Products */;
			projectDirPath = "";
			projectRoot = "";
			targets = (
				7546C43224F7035200AB2CEE /* NumberToWordChallenge */,
				7546C44824F7035600AB2CEE /* NumberToWordChallengeTests */,
				7546C45324F7035600AB2CEE /* NumberToWordChallengeUITests */,
			);
		};
/* End PBXProject section */

/* Begin PBXResourcesBuildPhase section */
		7546C43124F7035200AB2CEE /* Resources */ = {
			isa = PBXResourcesBuildPhase;
			buildActionMask = 2147483647;
			files = (
				7546C44324F7035500AB2CEE /* LaunchScreen.storyboard in Resources */,
				7546C44024F7035500AB2CEE /* Assets.xcassets in Resources */,
				7546C43E24F7035200AB2CEE /* Main.storyboard in Resources */,
			);
			runOnlyForDeploymentPostprocessing = 0;
		};
		7546C44724F7035600AB2CEE /* Resources */ = {
			isa = PBXResourcesBuildPhase;
			buildActionMask = 2147483647;
			files = (
			);
			runOnlyForDeploymentPostprocessing = 0;
		};
		7546C45224F7035600AB2CEE /* Resources */ = {
			isa = PBXResourcesBuildPhase;
			buildActionMask = 2147483647;
			files = (
			);
			runOnlyForDeploymentPostprocessing = 0;
		};
/* End PBXResourcesBuildPhase section */

/* Begin PBXSourcesBuildPhase section */
		7546C42F24F7035200AB2CEE /* Sources */ = {
			isa = PBXSourcesBuildPhase;
			buildActionMask = 2147483647;
			files = (
				7546C43B24F7035200AB2CEE /* ViewController.swift in Sources */,
				7546C43724F7035200AB2CEE /* AppDelegate.swift in Sources */,
				7546C43924F7035200AB2CEE /* SceneDelegate.swift in Sources */,
			);
			runOnlyForDeploymentPostprocessing = 0;
		};
		7546C44524F7035600AB2CEE /* Sources */ = {
			isa = PBXSourcesBuildPhase;
			buildActionMask = 2147483647;
			files = (
				7546C44E24F7035600AB2CEE /* NumberToWordChallengeTests.swift in Sources */,
			);
			runOnlyForDeploymentPostprocessing = 0;
		};
		7546C45024F7035600AB2CEE /* Sources */ = {
			isa = PBXSourcesBuildPhase;
			buildActionMask = 2147483647;
			files = (
				7546C45924F7035600AB2CEE /* NumberToWordChallengeUITests.swift in Sources */,
			);
			runOnlyForDeploymentPostprocessing = 0;
		};
/* End PBXSourcesBuildPhase section */

/* Begin PBXTargetDependency section */
		7546C44B24F7035600AB2CEE /* PBXTargetDependency */ = {
			isa = PBXTargetDependency;
			target = 7546C43224F7035200AB2CEE /* NumberToWordChallenge */;
			targetProxy = 7546C44A24F7035600AB2CEE /* PBXContainerItemProxy */;
		};
		7546C45624F7035600AB2CEE /* PBXTargetDependency */ = {
			isa = PBXTargetDependency;
			target = 7546C43224F7035200AB2CEE /* NumberToWordChallenge */;
			targetProxy = 7546C45524F7035600AB2CEE /* PBXContainerItemProxy */;
		};
/* End PBXTargetDependency section */

/* Begin PBXVariantGroup section */
		7546C43C24F7035200AB2CEE /* Main.storyboard */ = {
			isa = PBXVariantGroup;
			children = (
				7546C43D24F7035200AB2CEE /* Base */,
			);
			name = Main.storyboard;
			sourceTree = "<group>";
		};
		7546C44124F7035500AB2CEE /* LaunchScreen.storyboard */ = {
			isa = PBXVariantGroup;
			children = (
				7546C44224F7035500AB2CEE /* Base */,
			);
			name = LaunchScreen.storyboard;
			sourceTree = "<group>";
		};
/* End PBXVariantGroup section */

/* Begin XCBuildConfiguration section */
		7546C45B24F7035600AB2CEE /* Debug */ = {
			isa = XCBuildConfiguration;
			buildSettings = {
				ALWAYS_SEARCH_USER_PATHS = NO;
				CLANG_ANALYZER_NONNULL = YES;
				CLANG_ANALYZER_NUMBER_OBJECT_CONVERSION = YES_AGGRESSIVE;
				CLANG_CXX_LANGUAGE_STANDARD = "gnu++14";
				CLANG_CXX_LIBRARY = "libc++";
				CLANG_ENABLE_MODULES = YES;
				CLANG_ENABLE_OBJC_ARC = YES;
				CLANG_ENABLE_OBJC_WEAK = YES;
				CLANG_WARN_BLOCK_CAPTURE_AUTORELEASING = YES;
				CLANG_WARN_BOOL_CONVERSION = YES;
				CLANG_WARN_COMMA = YES;
				CLANG_WARN_CONSTANT_CONVERSION = YES;
				CLANG_WARN_DEPRECATED_OBJC_IMPLEMENTATIONS = YES;
				CLANG_WARN_DIRECT_OBJC_ISA_USAGE = YES_ERROR;
				CLANG_WARN_DOCUMENTATION_COMMENTS = YES;
				CLANG_WARN_EMPTY_BODY = YES;
				CLANG_WARN_ENUM_CONVERSION = YES;
				CLANG_WARN_INFINITE_RECURSION = YES;
				CLANG_WARN_INT_CONVERSION = YES;
				CLANG_WARN_NON_LITERAL_NULL_CONVERSION = YES;
				CLANG_WARN_OBJC_IMPLICIT_RETAIN_SELF = YES;
				CLANG_WARN_OBJC_LITERAL_CONVERSION = YES;
				CLANG_WARN_OBJC_ROOT_CLASS = YES_ERROR;
				CLANG_WARN_RANGE_LOOP_ANALYSIS = YES;
				CLANG_WARN_STRICT_PROTOTYPES = YES;
				CLANG_WARN_SUSPICIOUS_MOVE = YES;
				CLANG_WARN_UNGUARDED_AVAILABILITY = YES_AGGRESSIVE;
				CLANG_WARN_UNREACHABLE_CODE = YES;
				CLANG_WARN__DUPLICATE_METHOD_MATCH = YES;
				COPY_PHASE_STRIP = NO;
				DEBUG_INFORMATION_FORMAT = dwarf;
				ENABLE_STRICT_OBJC_MSGSEND = YES;
				ENABLE_TESTABILITY = YES;
				GCC_C_LANGUAGE_STANDARD = gnu11;
				GCC_DYNAMIC_NO_PIC = NO;
				GCC_NO_COMMON_BLOCKS = YES;
				GCC_OPTIMIZATION_LEVEL = 0;
				GCC_PREPROCESSOR_DEFINITIONS = (
					"DEBUG=1",
					"$(inherited)",
				);
				GCC_WARN_64_TO_32_BIT_CONVERSION = YES;
				GCC_WARN_ABOUT_RETURN_TYPE = YES_ERROR;
				GCC_WARN_UNDECLARED_SELECTOR = YES;
				GCC_WARN_UNINITIALIZED_AUTOS = YES_AGGRESSIVE;
				GCC_WARN_UNUSED_FUNCTION = YES;
				GCC_WARN_UNUSED_VARIABLE = YES;
				IPHONEOS_DEPLOYMENT_TARGET = 13.5;
				MTL_ENABLE_DEBUG_INFO = INCLUDE_SOURCE;
				MTL_FAST_MATH = YES;
				ONLY_ACTIVE_ARCH = YES;
				SDKROOT = iphoneos;
				SWIFT_ACTIVE_COMPILATION_CONDITIONS = DEBUG;
				SWIFT_OPTIMIZATION_LEVEL = "-Onone";
			};
			name = Debug;
		};
		7546C45C24F7035600AB2CEE /* Release */ = {
			isa = XCBuildConfiguration;
			buildSettings = {
				ALWAYS_SEARCH_USER_PATHS = NO;
				CLANG_ANALYZER_NONNULL = YES;
				CLANG_ANALYZER_NUMBER_OBJECT_CONVERSION = YES_AGGRESSIVE;
				CLANG_CXX_LANGUAGE_STANDARD = "gnu++14";
				CLANG_CXX_LIBRARY = "libc++";
				CLANG_ENABLE_MODULES = YES;
				CLANG_ENABLE_OBJC_ARC = YES;
				CLANG_ENABLE_OBJC_WEAK = YES;
				CLANG_WARN_BLOCK_CAPTURE_AUTORELEASING = YES;
				CLANG_WARN_BOOL_CONVERSION = YES;
				CLANG_WARN_COMMA = YES;
				CLANG_WARN_CONSTANT_CONVERSION = YES;
				CLANG_WARN_DEPRECATED_OBJC_IMPLEMENTATIONS = YES;
				CLANG_WARN_DIRECT_OBJC_ISA_USAGE = YES_ERROR;
				CLANG_WARN_DOCUMENTATION_COMMENTS = YES;
				CLANG_WARN_EMPTY_BODY = YES;
				CLANG_WARN_ENUM_CONVERSION = YES;
				CLANG_WARN_INFINITE_RECURSION = YES;
				CLANG_WARN_INT_CONVERSION = YES;
				CLANG_WARN_NON_LITERAL_NULL_CONVERSION = YES;
				CLANG_WARN_OBJC_IMPLICIT_RETAIN_SELF = YES;
				CLANG_WARN_OBJC_LITERAL_CONVERSION = YES;
				CLANG_WARN_OBJC_ROOT_CLASS = YES_ERROR;
				CLANG_WARN_RANGE_LOOP_ANALYSIS = YES;
				CLANG_WARN_STRICT_PROTOTYPES = YES;
				CLANG_WARN_SUSPICIOUS_MOVE = YES;
				CLANG_WARN_UNGUARDED_AVAILABILITY = YES_AGGRESSIVE;
				CLANG_WARN_UNREACHABLE_CODE = YES;
				CLANG_WARN__DUPLICATE_METHOD_MATCH = YES;
				COPY_PHASE_STRIP = NO;
				DEBUG_INFORMATION_FORMAT = "dwarf-with-dsym";
				ENABLE_NS_ASSERTIONS = NO;
				ENABLE_STRICT_OBJC_MSGSEND = YES;
				GCC_C_LANGUAGE_STANDARD = gnu11;
				GCC_NO_COMMON_BLOCKS = YES;
				GCC_WARN_64_TO_32_BIT_CONVERSION = YES;
				GCC_WARN_ABOUT_RETURN_TYPE = YES_ERROR;
				GCC_WARN_UNDECLARED_SELECTOR = YES;
				GCC_WARN_UNINITIALIZED_AUTOS = YES_AGGRESSIVE;
				GCC_WARN_UNUSED_FUNCTION = YES;
				GCC_WARN_UNUSED_VARIABLE = YES;
				IPHONEOS_DEPLOYMENT_TARGET = 13.5;
				MTL_ENABLE_DEBUG_INFO = NO;
				MTL_FAST_MATH = YES;
				SDKROOT = iphoneos;
				SWIFT_COMPILATION_MODE = wholemodule;
				SWIFT_OPTIMIZATION_LEVEL = "-O";
				VALIDATE_PRODUCT = YES;
			};
			name = Release;
		};
		7546C45E24F7035600AB2CEE /* Debug */ = {
			isa = XCBuildConfiguration;
			buildSettings = {
				ASSETCATALOG_COMPILER_APPICON_NAME = AppIcon;
				CODE_SIGN_STYLE = Automatic;
				DEVELOPMENT_TEAM = Z43AQF953J;
				INFOPLIST_FILE = NumberToWordChallenge/Info.plist;
				LD_RUNPATH_SEARCH_PATHS = (
					"$(inherited)",
					"@executable_path/Frameworks",
				);
				PRODUCT_BUNDLE_IDENTIFIER = com.waseem.NumberToWordChallenge;
				PRODUCT_NAME = "$(TARGET_NAME)";
				SWIFT_VERSION = 5.0;
				TARGETED_DEVICE_FAMILY = "1,2";
			};
			name = Debug;
		};
		7546C45F24F7035600AB2CEE /* Release */ = {
			isa = XCBuildConfiguration;
			buildSettings = {
				ASSETCATALOG_COMPILER_APPICON_NAME = AppIcon;
				CODE_SIGN_STYLE = Automatic;
				DEVELOPMENT_TEAM = Z43AQF953J;
				INFOPLIST_FILE = NumberToWordChallenge/Info.plist;
				LD_RUNPATH_SEARCH_PATHS = (
					"$(inherited)",
					"@executable_path/Frameworks",
				);
				PRODUCT_BUNDLE_IDENTIFIER = com.waseem.NumberToWordChallenge;
				PRODUCT_NAME = "$(TARGET_NAME)";
				SWIFT_VERSION = 5.0;
				TARGETED_DEVICE_FAMILY = "1,2";
			};
			name = Release;
		};
		7546C46124F7035600AB2CEE /* Debug */ = {
			isa = XCBuildConfiguration;
			buildSettings = {
				ALWAYS_EMBED_SWIFT_STANDARD_LIBRARIES = YES;
				BUNDLE_LOADER = "$(TEST_HOST)";
				CODE_SIGN_STYLE = Automatic;
				DEVELOPMENT_TEAM = Z43AQF953J;
				INFOPLIST_FILE = NumberToWordChallengeTests/Info.plist;
				IPHONEOS_DEPLOYMENT_TARGET = 13.5;
				LD_RUNPATH_SEARCH_PATHS = (
					"$(inherited)",
					"@executable_path/Frameworks",
					"@loader_path/Frameworks",
				);
				PRODUCT_BUNDLE_IDENTIFIER = com.waseem.NumberToWordChallengeTests;
				PRODUCT_NAME = "$(TARGET_NAME)";
				SWIFT_VERSION = 5.0;
				TARGETED_DEVICE_FAMILY = "1,2";
				TEST_HOST = "$(BUILT_PRODUCTS_DIR)/NumberToWordChallenge.app/NumberToWordChallenge";
			};
			name = Debug;
		};
		7546C46224F7035600AB2CEE /* Release */ = {
			isa = XCBuildConfiguration;
			buildSettings = {
				ALWAYS_EMBED_SWIFT_STANDARD_LIBRARIES = YES;
				BUNDLE_LOADER = "$(TEST_HOST)";
				CODE_SIGN_STYLE = Automatic;
				DEVELOPMENT_TEAM = Z43AQF953J;
				INFOPLIST_FILE = NumberToWordChallengeTests/Info.plist;
				IPHONEOS_DEPLOYMENT_TARGET = 13.5;
				LD_RUNPATH_SEARCH_PATHS = (
					"$(inherited)",
					"@executable_path/Frameworks",
					"@loader_path/Frameworks",
				);
				PRODUCT_BUNDLE_IDENTIFIER = com.waseem.NumberToWordChallengeTests;
				PRODUCT_NAME = "$(TARGET_NAME)";
				SWIFT_VERSION = 5.0;
				TARGETED_DEVICE_FAMILY = "1,2";
				TEST_HOST = "$(BUILT_PRODUCTS_DIR)/NumberToWordChallenge.app/NumberToWordChallenge";
			};
			name = Release;
		};
		7546C46424F7035600AB2CEE /* Debug */ = {
			isa = XCBuildConfiguration;
			buildSettings = {
				ALWAYS_EMBED_SWIFT_STANDARD_LIBRARIES = YES;
				CODE_SIGN_STYLE = Automatic;
				DEVELOPMENT_TEAM = Z43AQF953J;
				INFOPLIST_FILE = NumberToWordChallengeUITests/Info.plist;
				LD_RUNPATH_SEARCH_PATHS = (
					"$(inherited)",
					"@executable_path/Frameworks",
					"@loader_path/Frameworks",
				);
				PRODUCT_BUNDLE_IDENTIFIER = com.waseem.NumberToWordChallengeUITests;
				PRODUCT_NAME = "$(TARGET_NAME)";
				SWIFT_VERSION = 5.0;
				TARGETED_DEVICE_FAMILY = "1,2";
				TEST_TARGET_NAME = NumberToWordChallenge;
			};
			name = Debug;
		};
		7546C46524F7035600AB2CEE /* Release */ = {
			isa = XCBuildConfiguration;
			buildSettings = {
				ALWAYS_EMBED_SWIFT_STANDARD_LIBRARIES = YES;
				CODE_SIGN_STYLE = Automatic;
				DEVELOPMENT_TEAM = Z43AQF953J;
				INFOPLIST_FILE = NumberToWordChallengeUITests/Info.plist;
				LD_RUNPATH_SEARCH_PATHS = (
					"$(inherited)",
					"@executable_path/Frameworks",
					"@loader_path/Frameworks",
				);
				PRODUCT_BUNDLE_IDENTIFIER = com.waseem.NumberToWordChallengeUITests;
				PRODUCT_NAME = "$(TARGET_NAME)";
				SWIFT_VERSION = 5.0;
				TARGETED_DEVICE_FAMILY = "1,2";
				TEST_TARGET_NAME = NumberToWordChallenge;
			};
			name = Release;
		};
/* End XCBuildConfiguration section */

/* Begin XCConfigurationList section */
		7546C42E24F7035200AB2CEE /* Build configuration list for PBXProject "NumberToWordChallenge" */ = {
			isa = XCConfigurationList;
			buildConfigurations = (
				7546C45B24F7035600AB2CEE /* Debug */,
				7546C45C24F7035600AB2CEE /* Release */,
			);
			defaultConfigurationIsVisible = 0;
			defaultConfigurationName = Release;
		};
		7546C45D24F7035600AB2CEE /* Build configuration list for PBXNativeTarget "NumberToWordChallenge" */ = {
			isa = XCConfigurationList;
			buildConfigurations = (
				7546C45E24F7035600AB2CEE /* Debug */,
				7546C45F24F7035600AB2CEE /* Release */,
			);
			defaultConfigurationIsVisible = 0;
			defaultConfigurationName = Release;
		};
		7546C46024F7035600AB2CEE /* Build configuration list for PBXNativeTarget "NumberToWordChallengeTests" */ = {
			isa = XCConfigurationList;
			buildConfigurations = (
				7546C46124F7035600AB2CEE /* Debug */,
				7546C46224F7035600AB2CEE /* Release */,
			);
			defaultConfigurationIsVisible = 0;
			defaultConfigurationName = Release;
		};
		7546C46324F7035600AB2CEE /* Build configuration list for PBXNativeTarget "NumberToWordChallengeUITests" */ = {
			isa = XCConfigurationList;
			buildConfigurations = (
				7546C46424F7035600AB2CEE /* Debug */,
				7546C46524F7035600AB2CEE /* Release */,
			);
			defaultConfigurationIsVisible = 0;
			defaultConfigurationName = Release;
		};
/* End XCConfigurationList section */
	};
	rootObject = 7546C42B24F7035200AB2CEE /* Project object */;
}
